// !$*UTF8*$!
{
	archiveVersion = 1;
	classes = {
	};
	objectVersion = 51;
	objects = {

/* Begin PBXBuildFile section */
		A8D6333DAFADD506E550E034 /* Pods_veganfood.framework in Frameworks */ = {isa = PBXBuildFile; fileRef = F70362575808EDF731A30DF3 /* Pods_veganfood.framework */; };
		EE6AAE8724024B8200D02EAF /* AppDelegate.swift in Sources */ = {isa = PBXBuildFile; fileRef = EE6AAE8624024B8200D02EAF /* AppDelegate.swift */; };
		EE6AAE8924024B8200D02EAF /* LoginController.swift in Sources */ = {isa = PBXBuildFile; fileRef = EE6AAE8824024B8200D02EAF /* LoginController.swift */; };
		EE6AAE8C24024B8200D02EAF /* Main.storyboard in Resources */ = {isa = PBXBuildFile; fileRef = EE6AAE8A24024B8200D02EAF /* Main.storyboard */; };
		EE6AAE8E24024B8300D02EAF /* Assets.xcassets in Resources */ = {isa = PBXBuildFile; fileRef = EE6AAE8D24024B8300D02EAF /* Assets.xcassets */; };
		EE6AAE9124024B8300D02EAF /* LaunchScreen.storyboard in Resources */ = {isa = PBXBuildFile; fileRef = EE6AAE8F24024B8300D02EAF /* LaunchScreen.storyboard */; };
		EE6AAE992402F47400D02EAF /* GoogleService-Info.plist in Resources */ = {isa = PBXBuildFile; fileRef = EE6AAE982402F47400D02EAF /* GoogleService-Info.plist */; };
/* End PBXBuildFile section */

/* Begin PBXFileReference section */
		48F324CFEF75D1440ED5F631 /* Pods-veganfood.release.xcconfig */ = {isa = PBXFileReference; includeInIndex = 1; lastKnownFileType = text.xcconfig; name = "Pods-veganfood.release.xcconfig"; path = "Target Support Files/Pods-veganfood/Pods-veganfood.release.xcconfig"; sourceTree = "<group>"; };
		95FBB98E6C7AB022207341A2 /* Pods-veganfood.debug.xcconfig */ = {isa = PBXFileReference; includeInIndex = 1; lastKnownFileType = text.xcconfig; name = "Pods-veganfood.debug.xcconfig"; path = "Target Support Files/Pods-veganfood/Pods-veganfood.debug.xcconfig"; sourceTree = "<group>"; };
		EE09ED0D2409E69B003F338A /* veganfood.entitlements */ = {isa = PBXFileReference; lastKnownFileType = text.plist.entitlements; path = veganfood.entitlements; sourceTree = "<group>"; };
		EE6AAE8324024B8200D02EAF /* veganfood.app */ = {isa = PBXFileReference; explicitFileType = wrapper.application; includeInIndex = 0; path = veganfood.app; sourceTree = BUILT_PRODUCTS_DIR; };
		EE6AAE8624024B8200D02EAF /* AppDelegate.swift */ = {isa = PBXFileReference; lastKnownFileType = sourcecode.swift; path = AppDelegate.swift; sourceTree = "<group>"; };
		EE6AAE8824024B8200D02EAF /* LoginController.swift */ = {isa = PBXFileReference; lastKnownFileType = sourcecode.swift; path = LoginController.swift; sourceTree = "<group>"; };
		EE6AAE8B24024B8200D02EAF /* Base */ = {isa = PBXFileReference; lastKnownFileType = file.storyboard; name = Base; path = Base.lproj/Main.storyboard; sourceTree = "<group>"; };
		EE6AAE8D24024B8300D02EAF /* Assets.xcassets */ = {isa = PBXFileReference; lastKnownFileType = folder.assetcatalog; path = Assets.xcassets; sourceTree = "<group>"; };
		EE6AAE9024024B8300D02EAF /* Base */ = {isa = PBXFileReference; lastKnownFileType = file.storyboard; name = Base; path = Base.lproj/LaunchScreen.storyboard; sourceTree = "<group>"; };
		EE6AAE9224024B8300D02EAF /* Info.plist */ = {isa = PBXFileReference; lastKnownFileType = text.plist.xml; path = Info.plist; sourceTree = "<group>"; };
		EE6AAE982402F47400D02EAF /* GoogleService-Info.plist */ = {isa = PBXFileReference; fileEncoding = 4; lastKnownFileType = text.plist.xml; path = "GoogleService-Info.plist"; sourceTree = "<group>"; };
		F70362575808EDF731A30DF3 /* Pods_veganfood.framework */ = {isa = PBXFileReference; explicitFileType = wrapper.framework; includeInIndex = 0; path = Pods_veganfood.framework; sourceTree = BUILT_PRODUCTS_DIR; };
/* End PBXFileReference section */

/* Begin PBXFrameworksBuildPhase section */
		EE6AAE8024024B8200D02EAF /* Frameworks */ = {
			isa = PBXFrameworksBuildPhase;
			buildActionMask = 2147483647;
			files = (
				A8D6333DAFADD506E550E034 /* Pods_veganfood.framework in Frameworks */,
			);
			runOnlyForDeploymentPostprocessing = 0;
		};
/* End PBXFrameworksBuildPhase section */

/* Begin PBXGroup section */
		0ACAAFD51C334B3656E4CD53 /* Pods */ = {
			isa = PBXGroup;
			children = (
				95FBB98E6C7AB022207341A2 /* Pods-veganfood.debug.xcconfig */,
				48F324CFEF75D1440ED5F631 /* Pods-veganfood.release.xcconfig */,
			);
			path = Pods;
			sourceTree = "<group>";
		};
		1BBEA605CCC6A368CE5D18D5 /* Frameworks */ = {
			isa = PBXGroup;
			children = (
				F70362575808EDF731A30DF3 /* Pods_veganfood.framework */,
			);
			name = Frameworks;
			sourceTree = "<group>";
		};
		EE6AAE7A24024B8200D02EAF = {
			isa = PBXGroup;
			children = (
				EE6AAE8524024B8200D02EAF /* veganfood */,
				EE6AAE8424024B8200D02EAF /* Products */,
				0ACAAFD51C334B3656E4CD53 /* Pods */,
				1BBEA605CCC6A368CE5D18D5 /* Frameworks */,
			);
			sourceTree = "<group>";
		};
		EE6AAE8424024B8200D02EAF /* Products */ = {
			isa = PBXGroup;
			children = (
				EE6AAE8324024B8200D02EAF /* veganfood.app */,
			);
			name = Products;
			sourceTree = "<group>";
		};
		EE6AAE8524024B8200D02EAF /* veganfood */ = {
			isa = PBXGroup;
			children = (
				EE09ED0D2409E69B003F338A /* veganfood.entitlements */,
				EE6AAE8624024B8200D02EAF /* AppDelegate.swift */,
				EE6AAE8824024B8200D02EAF /* LoginController.swift */,
				EE6AAE8A24024B8200D02EAF /* Main.storyboard */,
				EE6AAE8D24024B8300D02EAF /* Assets.xcassets */,
				EE6AAE8F24024B8300D02EAF /* LaunchScreen.storyboard */,
				EE6AAE982402F47400D02EAF /* GoogleService-Info.plist */,
				EE6AAE9224024B8300D02EAF /* Info.plist */,
			);
			path = veganfood;
			sourceTree = "<group>";
		};
/* End PBXGroup section */

/* Begin PBXNativeTarget section */
		EE6AAE8224024B8200D02EAF /* veganfood */ = {
			isa = PBXNativeTarget;
			buildConfigurationList = EE6AAE9524024B8300D02EAF /* Build configuration list for PBXNativeTarget "veganfood" */;
			buildPhases = (
				D085E543AC9F62AA18F84FE5 /* [CP] Check Pods Manifest.lock */,
				EE6AAE7F24024B8200D02EAF /* Sources */,
				EE6AAE8024024B8200D02EAF /* Frameworks */,
				EE6AAE8124024B8200D02EAF /* Resources */,
				7101E446A346DCBA3F777798 /* [CP] Embed Pods Frameworks */,
			);
			buildRules = (
			);
			dependencies = (
			);
			name = veganfood;
			productName = veganfood;
			productReference = EE6AAE8324024B8200D02EAF /* veganfood.app */;
			productType = "com.apple.product-type.application";
		};
/* End PBXNativeTarget section */

/* Begin PBXProject section */
		EE6AAE7B24024B8200D02EAF /* Project object */ = {
			isa = PBXProject;
			attributes = {
				LastSwiftUpdateCheck = 1010;
				LastUpgradeCheck = 1010;
				ORGANIZATIONNAME = devmobile;
				TargetAttributes = {
					EE6AAE8224024B8200D02EAF = {
						CreatedOnToolsVersion = 10.1;
						SystemCapabilities = {
							com.apple.Keychain = {
								enabled = 1;
							};
						};
					};
				};
			};
			buildConfigurationList = EE6AAE7E24024B8200D02EAF /* Build configuration list for PBXProject "veganfood" */;
			compatibilityVersion = "Xcode 9.3";
			developmentRegion = en;
			hasScannedForEncodings = 0;
			knownRegions = (
				en,
				Base,
			);
			mainGroup = EE6AAE7A24024B8200D02EAF;
			productRefGroup = EE6AAE8424024B8200D02EAF /* Products */;
			projectDirPath = "";
			projectRoot = "";
			targets = (
				EE6AAE8224024B8200D02EAF /* veganfood */,
			);
		};
/* End PBXProject section */

/* Begin PBXResourcesBuildPhase section */
		EE6AAE8124024B8200D02EAF /* Resources */ = {
			isa = PBXResourcesBuildPhase;
			buildActionMask = 2147483647;
			files = (
				EE6AAE9124024B8300D02EAF /* LaunchScreen.storyboard in Resources */,
				EE6AAE992402F47400D02EAF /* GoogleService-Info.plist in Resources */,
				EE6AAE8E24024B8300D02EAF /* Assets.xcassets in Resources */,
				EE6AAE8C24024B8200D02EAF /* Main.storyboard in Resources */,
			);
			runOnlyForDeploymentPostprocessing = 0;
		};
/* End PBXResourcesBuildPhase section */

/* Begin PBXShellScriptBuildPhase section */
		7101E446A346DCBA3F777798 /* [CP] Embed Pods Frameworks */ = {
			isa = PBXShellScriptBuildPhase;
			buildActionMask = 2147483647;
			files = (
			);
			inputFileListPaths = (
				"${PODS_ROOT}/Target Support Files/Pods-veganfood/Pods-veganfood-frameworks-${CONFIGURATION}-input-files.xcfilelist",
			);
			name = "[CP] Embed Pods Frameworks";
			outputFileListPaths = (
				"${PODS_ROOT}/Target Support Files/Pods-veganfood/Pods-veganfood-frameworks-${CONFIGURATION}-output-files.xcfilelist",
			);
			runOnlyForDeploymentPostprocessing = 0;
			shellPath = /bin/sh;
			shellScript = "\"${PODS_ROOT}/Target Support Files/Pods-veganfood/Pods-veganfood-frameworks.sh\"\n";
			showEnvVarsInLog = 0;
		};
		D085E543AC9F62AA18F84FE5 /* [CP] Check Pods Manifest.lock */ = {
			isa = PBXShellScriptBuildPhase;
			buildActionMask = 2147483647;
			files = (
			);
			inputFileListPaths = (
			);
			inputPaths = (
				"${PODS_PODFILE_DIR_PATH}/Podfile.lock",
				"${PODS_ROOT}/Manifest.lock",
			);
			name = "[CP] Check Pods Manifest.lock";
			outputFileListPaths = (
			);
			outputPaths = (
				"$(DERIVED_FILE_DIR)/Pods-veganfood-checkManifestLockResult.txt",
			);
			runOnlyForDeploymentPostprocessing = 0;
			shellPath = /bin/sh;
			shellScript = "diff \"${PODS_PODFILE_DIR_PATH}/Podfile.lock\" \"${PODS_ROOT}/Manifest.lock\" > /dev/null\nif [ $? != 0 ] ; then\n    # print error to STDERR\n    echo \"error: The sandbox is not in sync with the Podfile.lock. Run 'pod install' or update your CocoaPods installation.\" >&2\n    exit 1\nfi\n# This output is used by Xcode 'outputs' to avoid re-running this script phase.\necho \"SUCCESS\" > \"${SCRIPT_OUTPUT_FILE_0}\"\n";
			showEnvVarsInLog = 0;
		};
/* End PBXShellScriptBuildPhase section */

/* Begin PBXSourcesBuildPhase section */
		EE6AAE7F24024B8200D02EAF /* Sources */ = {
			isa = PBXSourcesBuildPhase;
			buildActionMask = 2147483647;
			files = (
				EE6AAE8924024B8200D02EAF /* LoginController.swift in Sources */,
				EE6AAE8724024B8200D02EAF /* AppDelegate.swift in Sources */,
			);
			runOnlyForDeploymentPostprocessing = 0;
		};
/* End PBXSourcesBuildPhase section */

/* Begin PBXVariantGroup section */
		EE6AAE8A24024B8200D02EAF /* Main.storyboard */ = {
			isa = PBXVariantGroup;
			children = (
				EE6AAE8B24024B8200D02EAF /* Base */,
			);
			name = Main.storyboard;
			sourceTree = "<group>";
		};
		EE6AAE8F24024B8300D02EAF /* LaunchScreen.storyboard */ = {
			isa = PBXVariantGroup;
			children = (
				EE6AAE9024024B8300D02EAF /* Base */,
			);
			name = LaunchScreen.storyboard;
			sourceTree = "<group>";
		};
/* End PBXVariantGroup section */

/* Begin XCBuildConfiguration section */
		EE6AAE9324024B8300D02EAF /* Debug */ = {
			isa = XCBuildConfiguration;
			buildSettings = {
				ALWAYS_SEARCH_USER_PATHS = NO;
				CLANG_ANALYZER_NONNULL = YES;
				CLANG_ANALYZER_NUMBER_OBJECT_CONVERSION = YES_AGGRESSIVE;
				CLANG_CXX_LANGUAGE_STANDARD = "gnu++14";
				CLANG_CXX_LIBRARY = "libc++";
				CLANG_ENABLE_MODULES = YES;
				CLANG_ENABLE_OBJC_ARC = YES;
				CLANG_ENABLE_OBJC_WEAK = YES;
				CLANG_WARN_BLOCK_CAPTURE_AUTORELEASING = YES;
				CLANG_WARN_BOOL_CONVERSION = YES;
				CLANG_WARN_COMMA = YES;
				CLANG_WARN_CONSTANT_CONVERSION = YES;
				CLANG_WARN_DEPRECATED_OBJC_IMPLEMENTATIONS = YES;
				CLANG_WARN_DIRECT_OBJC_ISA_USAGE = YES_ERROR;
				CLANG_WARN_DOCUMENTATION_COMMENTS = YES;
				CLANG_WARN_EMPTY_BODY = YES;
				CLANG_WARN_ENUM_CONVERSION = YES;
				CLANG_WARN_INFINITE_RECURSION = YES;
				CLANG_WARN_INT_CONVERSION = YES;
				CLANG_WARN_NON_LITERAL_NULL_CONVERSION = YES;
				CLANG_WARN_OBJC_IMPLICIT_RETAIN_SELF = YES;
				CLANG_WARN_OBJC_LITERAL_CONVERSION = YES;
				CLANG_WARN_OBJC_ROOT_CLASS = YES_ERROR;
				CLANG_WARN_RANGE_LOOP_ANALYSIS = YES;
				CLANG_WARN_STRICT_PROTOTYPES = YES;
				CLANG_WARN_SUSPICIOUS_MOVE = YES;
				CLANG_WARN_UNGUARDED_AVAILABILITY = YES_AGGRESSIVE;
				CLANG_WARN_UNREACHABLE_CODE = YES;
				CLANG_WARN__DUPLICATE_METHOD_MATCH = YES;
				CODE_SIGN_IDENTITY = "iPhone Developer";
				COPY_PHASE_STRIP = NO;
				DEBUG_INFORMATION_FORMAT = dwarf;
				ENABLE_STRICT_OBJC_MSGSEND = YES;
				ENABLE_TESTABILITY = YES;
				GCC_C_LANGUAGE_STANDARD = gnu11;
				GCC_DYNAMIC_NO_PIC = NO;
				GCC_NO_COMMON_BLOCKS = YES;
				GCC_OPTIMIZATION_LEVEL = 0;
				GCC_PREPROCESSOR_DEFINITIONS = (
					"DEBUG=1",
					"$(inherited)",
				);
				GCC_WARN_64_TO_32_BIT_CONVERSION = YES;
				GCC_WARN_ABOUT_RETURN_TYPE = YES_ERROR;
				GCC_WARN_UNDECLARED_SELECTOR = YES;
				GCC_WARN_UNINITIALIZED_AUTOS = YES_AGGRESSIVE;
				GCC_WARN_UNUSED_FUNCTION = YES;
				GCC_WARN_UNUSED_VARIABLE = YES;
				IPHONEOS_DEPLOYMENT_TARGET = 12.1;
				MTL_ENABLE_DEBUG_INFO = INCLUDE_SOURCE;
				MTL_FAST_MATH = YES;
				ONLY_ACTIVE_ARCH = YES;
				SDKROOT = iphoneos;
				SWIFT_ACTIVE_COMPILATION_CONDITIONS = DEBUG;
				SWIFT_OPTIMIZATION_LEVEL = "-Onone";
			};
			name = Debug;
		};
		EE6AAE9424024B8300D02EAF /* Release */ = {
			isa = XCBuildConfiguration;
			buildSettings = {
				ALWAYS_SEARCH_USER_PATHS = NO;
				CLANG_ANALYZER_NONNULL = YES;
				CLANG_ANALYZER_NUMBER_OBJECT_CONVERSION = YES_AGGRESSIVE;
				CLANG_CXX_LANGUAGE_STANDARD = "gnu++14";
				CLANG_CXX_LIBRARY = "libc++";
				CLANG_ENABLE_MODULES = YES;
				CLANG_ENABLE_OBJC_ARC = YES;
				CLANG_ENABLE_OBJC_WEAK = YES;
				CLANG_WARN_BLOCK_CAPTURE_AUTORELEASING = YES;
				CLANG_WARN_BOOL_CONVERSION = YES;
				CLANG_WARN_COMMA = YES;
				CLANG_WARN_CONSTANT_CONVERSION = YES;
				CLANG_WARN_DEPRECATED_OBJC_IMPLEMENTATIONS = YES;
				CLANG_WARN_DIRECT_OBJC_ISA_USAGE = YES_ERROR;
				CLANG_WARN_DOCUMENTATION_COMMENTS = YES;
				CLANG_WARN_EMPTY_BODY = YES;
				CLANG_WARN_ENUM_CONVERSION = YES;
				CLANG_WARN_INFINITE_RECURSION = YES;
				CLANG_WARN_INT_CONVERSION = YES;
				CLANG_WARN_NON_LITERAL_NULL_CONVERSION = YES;
				CLANG_WARN_OBJC_IMPLICIT_RETAIN_SELF = YES;
				CLANG_WARN_OBJC_LITERAL_CONVERSION = YES;
				CLANG_WARN_OBJC_ROOT_CLASS = YES_ERROR;
				CLANG_WARN_RANGE_LOOP_ANALYSIS = YES;
				CLANG_WARN_STRICT_PROTOTYPES = YES;
				CLANG_WARN_SUSPICIOUS_MOVE = YES;
				CLANG_WARN_UNGUARDED_AVAILABILITY = YES_AGGRESSIVE;
				CLANG_WARN_UNREACHABLE_CODE = YES;
				CLANG_WARN__DUPLICATE_METHOD_MATCH = YES;
				CODE_SIGN_IDENTITY = "iPhone Developer";
				COPY_PHASE_STRIP = NO;
				DEBUG_INFORMATION_FORMAT = "dwarf-with-dsym";
				ENABLE_NS_ASSERTIONS = NO;
				ENABLE_STRICT_OBJC_MSGSEND = YES;
				GCC_C_LANGUAGE_STANDARD = gnu11;
				GCC_NO_COMMON_BLOCKS = YES;
				GCC_WARN_64_TO_32_BIT_CONVERSION = YES;
				GCC_WARN_ABOUT_RETURN_TYPE = YES_ERROR;
				GCC_WARN_UNDECLARED_SELECTOR = YES;
				GCC_WARN_UNINITIALIZED_AUTOS = YES_AGGRESSIVE;
				GCC_WARN_UNUSED_FUNCTION = YES;
				GCC_WARN_UNUSED_VARIABLE = YES;
				IPHONEOS_DEPLOYMENT_TARGET = 12.1;
				MTL_ENABLE_DEBUG_INFO = NO;
				MTL_FAST_MATH = YES;
				SDKROOT = iphoneos;
				SWIFT_COMPILATION_MODE = wholemodule;
				SWIFT_OPTIMIZATION_LEVEL = "-O";
				VALIDATE_PRODUCT = YES;
			};
			name = Release;
		};
		EE6AAE9624024B8300D02EAF /* Debug */ = {
			isa = XCBuildConfiguration;
			baseConfigurationReference = 95FBB98E6C7AB022207341A2 /* Pods-veganfood.debug.xcconfig */;
			buildSettings = {
				ASSETCATALOG_COMPILER_APPICON_NAME = AppIcon;
				CODE_SIGN_ENTITLEMENTS = veganfood/veganfood.entitlements;
				CODE_SIGN_IDENTITY = "iPhone Developer";
				CODE_SIGN_STYLE = Automatic;
				DEVELOPMENT_TEAM = XD8U4YVU4W;
				INFOPLIST_FILE = veganfood/Info.plist;
				LD_RUNPATH_SEARCH_PATHS = (
					"$(inherited)",
					"@executable_path/Frameworks",
				);
				PRODUCT_BUNDLE_IDENTIFIER = com.devmobile.veganfood;
				PRODUCT_NAME = "$(TARGET_NAME)";
				PROVISIONING_PROFILE_SPECIFIER = "";
				SWIFT_VERSION = 4.2;
				TARGETED_DEVICE_FAMILY = "1,2";
			};
			name = Debug;
		};
		EE6AAE9724024B8300D02EAF /* Release */ = {
			isa = XCBuildConfiguration;
			baseConfigurationReference = 48F324CFEF75D1440ED5F631 /* Pods-veganfood.release.xcconfig */;
			buildSettings = {
				ASSETCATALOG_COMPILER_APPICON_NAME = AppIcon;
				CODE_SIGN_ENTITLEMENTS = veganfood/veganfood.entitlements;
				CODE_SIGN_IDENTITY = "iPhone Developer";
				CODE_SIGN_STYLE = Automatic;
				DEVELOPMENT_TEAM = XD8U4YVU4W;
				INFOPLIST_FILE = veganfood/Info.plist;
				LD_RUNPATH_SEARCH_PATHS = (
					"$(inherited)",
					"@executable_path/Frameworks",
				);
				PRODUCT_BUNDLE_IDENTIFIER = com.devmobile.veganfood;
				PRODUCT_NAME = "$(TARGET_NAME)";
				PROVISIONING_PROFILE_SPECIFIER = "";
				SWIFT_VERSION = 4.2;
				TARGETED_DEVICE_FAMILY = "1,2";
			};
			name = Release;
		};
/* End XCBuildConfiguration section */

/* Begin XCConfigurationList section */
		EE6AAE7E24024B8200D02EAF /* Build configuration list for PBXProject "veganfood" */ = {
			isa = XCConfigurationList;
			buildConfigurations = (
				EE6AAE9324024B8300D02EAF /* Debug */,
				EE6AAE9424024B8300D02EAF /* Release */,
			);
			defaultConfigurationIsVisible = 0;
			defaultConfigurationName = Release;
		};
		EE6AAE9524024B8300D02EAF /* Build configuration list for PBXNativeTarget "veganfood" */ = {
			isa = XCConfigurationList;
			buildConfigurations = (
				EE6AAE9624024B8300D02EAF /* Debug */,
				EE6AAE9724024B8300D02EAF /* Release */,
			);
			defaultConfigurationIsVisible = 0;
			defaultConfigurationName = Release;
		};
/* End XCConfigurationList section */
	};
	rootObject = EE6AAE7B24024B8200D02EAF /* Project object */;
}
